{
  "name": "sizes",
  "version": "1.0.0",
  "lockfileVersion": 1,
  "requires": true,
  "dependencies": {
    "@ryuran/parse-sizes": {
      "version": "github:ryuran/parse-sizes#7f65282ccea9166ae4489ae2779c86fb4ff2d857"
    },
    "webextension-polyfill": {
      "version": "0.3.1",
      "resolved": "https://registry.npmjs.org/webextension-polyfill/-/webextension-polyfill-0.3.1.tgz",
      "integrity": "sha512-ISB42vlgMyM7xE1u6pREeCqmmXjLsYu/nqAR8Dl/gIAnylb+KpRpvKbVkUYNFePhhXn0Obkkc3jasOII9ztUtg=="
    }
  }
}
